{
    "requires": true,
    "lockfileVersion": 1,
    "dependencies": {
        "distpicker": {
            "version": "2.0.5",
            "resolved": "https://registry.npmjs.org/distpicker/-/distpicker-2.0.5.tgz",
            "integrity": "sha512-qU7YHGwko2jI04sbS495SR/uTb+9ozv/UKFk6nSiG931et/zozgfjowNiYdv5e+WnPxUeLj8TwRFsPvmJeNrnw=="
        }
    }
}
